
Microsoft Visual Studio Solution File, Format Version 12.00
# Visual Studio Version 16
VisualStudioVersion = 16.0.28803.202
MinimumVisualStudioVersion = 10.0.40219.1
Project("{FAE04EC0-301F-11D3-BF4B-00C04F79EFBC}") = "C20-Form-07-15-2019", "C20-Form-07-15-2019\C20-Form-07-15-2019.csproj", "{F8631233-68CB-4854-A885-6CA7E45FC6F3}"
EndProject
Global
	GlobalSection(SolutionConfigurationPlatforms) = preSolution
		Debug|Any CPU = Debug|Any CPU
		Release|Any CPU = Release|Any CPU
	EndGlobalSection
	GlobalSection(ProjectConfigurationPlatforms) = postSolution
		{F8631233-68CB-4854-A885-6CA7E45FC6F3}.Debug|Any CPU.ActiveCfg = Debug|Any CPU
		{F8631233-68CB-4854-A885-6CA7E45FC6F3}.Debug|Any CPU.Build.0 = Debug|Any CPU
		{F8631233-68CB-4854-A885-6CA7E45FC6F3}.Release|Any CPU.ActiveCfg = Release|Any CPU
		{F8631233-68CB-4854-A885-6CA7E45FC6F3}.Release|Any CPU.Build.0 = Release|Any CPU
	EndGlobalSection
	GlobalSection(SolutionProperties) = preSolution
		HideSolutionNode = FALSE
	EndGlobalSection
	GlobalSection(ExtensibilityGlobals) = postSolution
		SolutionGuid = {D2783673-8E3A-49FB-A8E5-09CA60ED4963}
	EndGlobalSection
EndGlobal
